
Microsoft Visual Studio Solution File, Format Version 12.00
# Visual Studio Version 17
VisualStudioVersion = 17.5.002.0
MinimumVisualStudioVersion = 10.0.40219.1
Project("{9A19103F-16F7-4668-BE54-9A1E7A4F7556}") = "weatherapp555", "weatherapp555\weatherapp555.csproj", "{9905C213-29FC-432B-B711-A25CEEFC29AB}"
EndProject
Global
	GlobalSection(SolutionConfigurationPlatforms) = preSolution
		Debug|Any CPU = Debug|Any CPU
		Release|Any CPU = Release|Any CPU
	EndGlobalSection
	GlobalSection(ProjectConfigurationPlatforms) = postSolution
		{9905C213-29FC-432B-B711-A25CEEFC29AB}.Debug|Any CPU.ActiveCfg = Debug|Any CPU
		{9905C213-29FC-432B-B711-A25CEEFC29AB}.Debug|Any CPU.Build.0 = Debug|Any CPU
		{9905C213-29FC-432B-B711-A25CEEFC29AB}.Release|Any CPU.ActiveCfg = Release|Any CPU
		{9905C213-29FC-432B-B711-A25CEEFC29AB}.Release|Any CPU.Build.0 = Release|Any CPU
	EndGlobalSection
	GlobalSection(SolutionProperties) = preSolution
		HideSolutionNode = FALSE
	EndGlobalSection
	GlobalSection(ExtensibilityGlobals) = postSolution
		SolutionGuid = {C0AA25F5-2A14-4BDA-9C52-CE312DC89D5F}
	EndGlobalSection
EndGlobal
